
Microsoft Visual Studio Solution File, Format Version 12.00
# Visual Studio Version 17
VisualStudioVersion = 17.8.34525.116
MinimumVisualStudioVersion = 10.0.40219.1
Project("{FAE04EC0-301F-11D3-BF4B-00C04F79EFBC}") = "CRUDCORE", "CRUDCORE.csproj", "{46D27E8B-A123-486A-B07B-FB49EE1E277F}"
EndProject
Global
	GlobalSection(SolutionConfigurationPlatforms) = preSolution
		Debug|Any CPU = Debug|Any CPU
		Release|Any CPU = Release|Any CPU
	EndGlobalSection
	GlobalSection(ProjectConfigurationPlatforms) = postSolution
		{46D27E8B-A123-486A-B07B-FB49EE1E277F}.Debug|Any CPU.ActiveCfg = Debug|Any CPU
		{46D27E8B-A123-486A-B07B-FB49EE1E277F}.Debug|Any CPU.Build.0 = Debug|Any CPU
		{46D27E8B-A123-486A-B07B-FB49EE1E277F}.Release|Any CPU.ActiveCfg = Release|Any CPU
		{46D27E8B-A123-486A-B07B-FB49EE1E277F}.Release|Any CPU.Build.0 = Release|Any CPU
	EndGlobalSection
	GlobalSection(SolutionProperties) = preSolution
		HideSolutionNode = FALSE
	EndGlobalSection
	GlobalSection(ExtensibilityGlobals) = postSolution
		SolutionGuid = {9979A3F5-5B64-4934-8DBA-4A8166FBDC47}
	EndGlobalSection
EndGlobal
